
Microsoft Visual Studio Solution File, Format Version 12.00
# Visual Studio Version 17
VisualStudioVersion = 17.8.34309.116
MinimumVisualStudioVersion = 10.0.40219.1
Project("{FAE04EC0-301F-11D3-BF4B-00C04F79EFBC}") = "ApiCallRecap.UI", "ApiCallRecap.UI\ApiCallRecap.UI.csproj", "{0603AE2E-E3B5-43CA-9114-DAF6F6199116}"
EndProject
Project("{FAE04EC0-301F-11D3-BF4B-00C04F79EFBC}") = "ApiCallRecap.DAL", "ApiCallRecap.DAL\ApiCallRecap.DAL.csproj", "{C2A9948D-700E-440E-863B-0C2CABC99AE7}"
EndProject
Global
	GlobalSection(SolutionConfigurationPlatforms) = preSolution
		Debug|Any CPU = Debug|Any CPU
		Release|Any CPU = Release|Any CPU
	EndGlobalSection
	GlobalSection(ProjectConfigurationPlatforms) = postSolution
		{0603AE2E-E3B5-43CA-9114-DAF6F6199116}.Debug|Any CPU.ActiveCfg = Debug|Any CPU
		{0603AE2E-E3B5-43CA-9114-DAF6F6199116}.Debug|Any CPU.Build.0 = Debug|Any CPU
		{0603AE2E-E3B5-43CA-9114-DAF6F6199116}.Release|Any CPU.ActiveCfg = Release|Any CPU
		{0603AE2E-E3B5-43CA-9114-DAF6F6199116}.Release|Any CPU.Build.0 = Release|Any CPU
		{C2A9948D-700E-440E-863B-0C2CABC99AE7}.Debug|Any CPU.ActiveCfg = Debug|Any CPU
		{C2A9948D-700E-440E-863B-0C2CABC99AE7}.Debug|Any CPU.Build.0 = Debug|Any CPU
		{C2A9948D-700E-440E-863B-0C2CABC99AE7}.Release|Any CPU.ActiveCfg = Release|Any CPU
		{C2A9948D-700E-440E-863B-0C2CABC99AE7}.Release|Any CPU.Build.0 = Release|Any CPU
	EndGlobalSection
	GlobalSection(SolutionProperties) = preSolution
		HideSolutionNode = FALSE
	EndGlobalSection
	GlobalSection(ExtensibilityGlobals) = postSolution
		SolutionGuid = {1A068C80-CA98-4DF8-969A-FAF8092E740B}
	EndGlobalSection
EndGlobal
